
Microsoft Visual Studio Solution File, Format Version 10.00
# Visual C++ Express 2008
Project("{8BC9CEB8-8B4A-11D0-8D11-00A0C91BC942}") = "espoir", "espoir\espoir.vcproj", "{B9FCC19B-C173-4CF6-81B0-7FDADDCE9BB1}"
EndProject
Project("{8BC9CEB8-8B4A-11D0-8D11-00A0C91BC942}") = "ptr_test", "ptr_test\ptr_test.vcproj", "{F0BBE3F0-FADB-47BF-8A09-1B4A9A32CDF4}"
EndProject
Project("{8BC9CEB8-8B4A-11D0-8D11-00A0C91BC942}") = "except_test", "except_test\except_test.vcproj", "{21C545E5-ADA5-4288-A21C-FD256EB84BF8}"
EndProject
Project("{8BC9CEB8-8B4A-11D0-8D11-00A0C91BC942}") = "SingletonTest", "SingletonTest\SingletonTest.vcproj", "{2A43BCED-A92A-4438-8E2B-00811445D9D4}"
	ProjectSection(ProjectDependencies) = postProject
		{B9FCC19B-C173-4CF6-81B0-7FDADDCE9BB1} = {B9FCC19B-C173-4CF6-81B0-7FDADDCE9BB1}
	EndProjectSection
EndProject
Global
	GlobalSection(SolutionConfigurationPlatforms) = preSolution
		Debug Restrict|Win32 = Debug Restrict|Win32
		Debug|Win32 = Debug|Win32
		Release|Win32 = Release|Win32
	EndGlobalSection
	GlobalSection(ProjectConfigurationPlatforms) = postSolution
		{B9FCC19B-C173-4CF6-81B0-7FDADDCE9BB1}.Debug Restrict|Win32.ActiveCfg = Debug Restrict|Win32
		{B9FCC19B-C173-4CF6-81B0-7FDADDCE9BB1}.Debug Restrict|Win32.Build.0 = Debug Restrict|Win32
		{B9FCC19B-C173-4CF6-81B0-7FDADDCE9BB1}.Debug|Win32.ActiveCfg = Debug|Win32
		{B9FCC19B-C173-4CF6-81B0-7FDADDCE9BB1}.Debug|Win32.Build.0 = Debug|Win32
		{B9FCC19B-C173-4CF6-81B0-7FDADDCE9BB1}.Release|Win32.ActiveCfg = Release|Win32
		{B9FCC19B-C173-4CF6-81B0-7FDADDCE9BB1}.Release|Win32.Build.0 = Release|Win32
		{F0BBE3F0-FADB-47BF-8A09-1B4A9A32CDF4}.Debug Restrict|Win32.ActiveCfg = Debug|Win32
		{F0BBE3F0-FADB-47BF-8A09-1B4A9A32CDF4}.Debug Restrict|Win32.Build.0 = Debug|Win32
		{F0BBE3F0-FADB-47BF-8A09-1B4A9A32CDF4}.Debug|Win32.ActiveCfg = Debug|Win32
		{F0BBE3F0-FADB-47BF-8A09-1B4A9A32CDF4}.Debug|Win32.Build.0 = Debug|Win32
		{F0BBE3F0-FADB-47BF-8A09-1B4A9A32CDF4}.Release|Win32.ActiveCfg = Release|Win32
		{F0BBE3F0-FADB-47BF-8A09-1B4A9A32CDF4}.Release|Win32.Build.0 = Release|Win32
		{21C545E5-ADA5-4288-A21C-FD256EB84BF8}.Debug Restrict|Win32.ActiveCfg = Debug|Win32
		{21C545E5-ADA5-4288-A21C-FD256EB84BF8}.Debug Restrict|Win32.Build.0 = Debug|Win32
		{21C545E5-ADA5-4288-A21C-FD256EB84BF8}.Debug|Win32.ActiveCfg = Debug|Win32
		{21C545E5-ADA5-4288-A21C-FD256EB84BF8}.Debug|Win32.Build.0 = Debug|Win32
		{21C545E5-ADA5-4288-A21C-FD256EB84BF8}.Release|Win32.ActiveCfg = Release|Win32
		{21C545E5-ADA5-4288-A21C-FD256EB84BF8}.Release|Win32.Build.0 = Release|Win32
		{2A43BCED-A92A-4438-8E2B-00811445D9D4}.Debug Restrict|Win32.ActiveCfg = Debug|Win32
		{2A43BCED-A92A-4438-8E2B-00811445D9D4}.Debug Restrict|Win32.Build.0 = Debug|Win32
		{2A43BCED-A92A-4438-8E2B-00811445D9D4}.Debug|Win32.ActiveCfg = Debug|Win32
		{2A43BCED-A92A-4438-8E2B-00811445D9D4}.Debug|Win32.Build.0 = Debug|Win32
		{2A43BCED-A92A-4438-8E2B-00811445D9D4}.Release|Win32.ActiveCfg = Release|Win32
		{2A43BCED-A92A-4438-8E2B-00811445D9D4}.Release|Win32.Build.0 = Release|Win32
	EndGlobalSection
	GlobalSection(SolutionProperties) = preSolution
		HideSolutionNode = FALSE
	EndGlobalSection
EndGlobal
